{
  "version": 4,
  "terraform_version": "1.2.6",
  "serial": 514,
  "lineage": "0af7a756-c7b7-139b-90f5-1751b33f905a",
  "outputs": {},
  "resources": [
    {
      "mode": "managed",
      "type": "azurerm_resource_group",
      "name": "myazrg",
      "provider": "provider[\"registry.terraform.io/hashicorp/azurerm\"]",
      "instances": [
        {
          "schema_version": 0,
          "attributes": {
            "id": "/subscriptions/573fc463-a743-481f-8688-28a35876fa68/resourceGroups/myazrg",
            "location": "southindia",
            "name": "myazrg",
            "tags": {},
            "timeouts": null
          },
          "sensitive_attributes": [],
          "private": "eyJlMmJmYjczMC1lY2FhLTExZTYtOGY4OC0zNDM2M2JjN2M0YzAiOnsiY3JlYXRlIjo1NDAwMDAwMDAwMDAwLCJkZWxldGUiOjU0MDAwMDAwMDAwMDAsInJlYWQiOjMwMDAwMDAwMDAwMCwidXBkYXRlIjo1NDAwMDAwMDAwMDAwfX0="
        }
      ]
    },
    {
      "mode": "managed",
      "type": "azurerm_virtual_network",
      "name": "vnet",
      "provider": "provider[\"registry.terraform.io/hashicorp/azurerm\"]",
      "instances": [
        {
          "schema_version": 0,
          "attributes": {
            "address_space": [
              "10.0.0.0/16"
            ],
            "bgp_community": "",
            "ddos_protection_plan": [],
            "dns_servers": [],
            "edge_zone": "",
            "flow_timeout_in_minutes": 0,
            "guid": "b2963541-3b75-4bcb-8c8a-013958380860",
            "id": "/subscriptions/573fc463-a743-481f-8688-28a35876fa68/resourceGroups/myazrg/providers/Microsoft.Network/virtualNetworks/Myazvnet",
            "location": "southindia",
            "name": "Myazvnet",
            "resource_group_name": "myazrg",
            "subnet": [
              {
                "address_prefix": "10.0.10.0/24",
                "id": "/subscriptions/573fc463-a743-481f-8688-28a35876fa68/resourceGroups/myazrg/providers/Microsoft.Network/virtualNetworks/Myazvnet/subnets/Dbsubnet",
                "name": "Dbsubnet",
                "security_group": ""
              },
              {
                "address_prefix": "10.0.20.0/24",
                "id": "/subscriptions/573fc463-a743-481f-8688-28a35876fa68/resourceGroups/myazrg/providers/Microsoft.Network/virtualNetworks/Myazvnet/subnets/Websubnet",
                "name": "Websubnet",
                "security_group": ""
              }
            ],
            "tags": {},
            "timeouts": null
          },
          "sensitive_attributes": [],
          "private": "eyJlMmJmYjczMC1lY2FhLTExZTYtOGY4OC0zNDM2M2JjN2M0YzAiOnsiY3JlYXRlIjoxODAwMDAwMDAwMDAwLCJkZWxldGUiOjE4MDAwMDAwMDAwMDAsInJlYWQiOjMwMDAwMDAwMDAwMCwidXBkYXRlIjoxODAwMDAwMDAwMDAwfX0=",
          "dependencies": [
            "azurerm_resource_group.myazrg"
          ]
        }
      ]
    },
    {
      "module": "module.DBmodule",
      "mode": "managed",
      "type": "azurerm_resource_group",
      "name": "myazrg",
      "provider": "module.DBmodule.provider[\"registry.terraform.io/hashicorp/azurerm\"]",
      "instances": [
        {
          "schema_version": 0,
          "attributes": {
            "id": "/subscriptions/573fc463-a743-481f-8688-28a35876fa68/resourceGroups/myazrg",
            "location": "southindia",
            "name": "myazrg",
            "tags": {},
            "timeouts": null
          },
          "sensitive_attributes": [],
          "private": "eyJlMmJmYjczMC1lY2FhLTExZTYtOGY4OC0zNDM2M2JjN2M0YzAiOnsiY3JlYXRlIjo1NDAwMDAwMDAwMDAwLCJkZWxldGUiOjU0MDAwMDAwMDAwMDAsInJlYWQiOjMwMDAwMDAwMDAwMCwidXBkYXRlIjo1NDAwMDAwMDAwMDAwfX0="
        }
      ]
    }
  ]
}
